
Microsoft Visual Studio Solution File, Format Version 12.00
# Visual Studio Version 17
VisualStudioVersion = 17.14.36109.1
MinimumVisualStudioVersion = 10.0.40219.1
Project("{FAE04EC0-301F-11D3-BF4B-00C04F79EFBC}") = "pefi.http", "src\pefi.http.csproj", "{4AD14948-8153-03B2-7414-542E42C903F7}"
EndProject
Project("{FAE04EC0-301F-11D3-BF4B-00C04F79EFBC}") = "pefi.http.OpenApiClientGenerator.Tests", "test\pefi.http.OpenApiClientGenerator.Tests\pefi.http.OpenApiClientGenerator.Tests.csproj", "{F3AE2694-2E5C-E62A-54BC-19669A928881}"
EndProject
Global
	GlobalSection(SolutionConfigurationPlatforms) = preSolution
		Debug|Any CPU = Debug|Any CPU
		Release|Any CPU = Release|Any CPU
	EndGlobalSection
	GlobalSection(ProjectConfigurationPlatforms) = postSolution
		{4AD14948-8153-03B2-7414-542E42C903F7}.Debug|Any CPU.ActiveCfg = Debug|Any CPU
		{4AD14948-8153-03B2-7414-542E42C903F7}.Debug|Any CPU.Build.0 = Debug|Any CPU
		{4AD14948-8153-03B2-7414-542E42C903F7}.Release|Any CPU.ActiveCfg = Release|Any CPU
		{4AD14948-8153-03B2-7414-542E42C903F7}.Release|Any CPU.Build.0 = Release|Any CPU
		{F3AE2694-2E5C-E62A-54BC-19669A928881}.Debug|Any CPU.ActiveCfg = Debug|Any CPU
		{F3AE2694-2E5C-E62A-54BC-19669A928881}.Debug|Any CPU.Build.0 = Debug|Any CPU
		{F3AE2694-2E5C-E62A-54BC-19669A928881}.Release|Any CPU.ActiveCfg = Release|Any CPU
		{F3AE2694-2E5C-E62A-54BC-19669A928881}.Release|Any CPU.Build.0 = Release|Any CPU
	EndGlobalSection
	GlobalSection(SolutionProperties) = preSolution
		HideSolutionNode = FALSE
	EndGlobalSection
	GlobalSection(ExtensibilityGlobals) = postSolution
		SolutionGuid = {45CB22EA-D728-4976-BC17-DF745310DCD8}
	EndGlobalSection
EndGlobal
